
Microsoft Visual Studio Solution File, Format Version 12.00
# Visual Studio Version 17
VisualStudioVersion = 17.8.34525.116
MinimumVisualStudioVersion = 10.0.40219.1
Project("{FAE04EC0-301F-11D3-BF4B-00C04F79EFBC}") = "SalesWebMvc", "SalesWebMvc.csproj", "{61853FD3-1D64-4C2E-AA3C-CDDD5B4A6453}"
EndProject
Global
	GlobalSection(SolutionConfigurationPlatforms) = preSolution
		Debug|Any CPU = Debug|Any CPU
		Release|Any CPU = Release|Any CPU
	EndGlobalSection
	GlobalSection(ProjectConfigurationPlatforms) = postSolution
		{61853FD3-1D64-4C2E-AA3C-CDDD5B4A6453}.Debug|Any CPU.ActiveCfg = Debug|Any CPU
		{61853FD3-1D64-4C2E-AA3C-CDDD5B4A6453}.Debug|Any CPU.Build.0 = Debug|Any CPU
		{61853FD3-1D64-4C2E-AA3C-CDDD5B4A6453}.Release|Any CPU.ActiveCfg = Release|Any CPU
		{61853FD3-1D64-4C2E-AA3C-CDDD5B4A6453}.Release|Any CPU.Build.0 = Release|Any CPU
	EndGlobalSection
	GlobalSection(SolutionProperties) = preSolution
		HideSolutionNode = FALSE
	EndGlobalSection
	GlobalSection(ExtensibilityGlobals) = postSolution
		SolutionGuid = {5F0E1327-D6BA-4FDA-9E3C-D48394D6AFCC}
	EndGlobalSection
EndGlobal
